
Microsoft Visual Studio Solution File, Format Version 12.00
# Visual Studio Version 17
VisualStudioVersion = 17.3.32929.385
MinimumVisualStudioVersion = 10.0.40219.1
Project("{FAE04EC0-301F-11D3-BF4B-00C04F79EFBC}") = "Webb-app-MVC-PostgreSQl", "Webb-app-MVC-PostgreSQl\Webb-app-MVC-PostgreSQl.csproj", "{0E1F2E0A-75ED-4B63-91EA-A87B27C68E68}"
EndProject
Project("{FAE04EC0-301F-11D3-BF4B-00C04F79EFBC}") = "Webb-app-MVC-PostgreSQL_DAL", "Webb-app-MVC-PostgreSQL_DAL\Webb-app-MVC-PostgreSQL_DAL.csproj", "{C35B10D5-3A92-41C1-9058-BBBF2EF3EC11}"
EndProject
Global
	GlobalSection(SolutionConfigurationPlatforms) = preSolution
		Debug|Any CPU = Debug|Any CPU
		Release|Any CPU = Release|Any CPU
	EndGlobalSection
	GlobalSection(ProjectConfigurationPlatforms) = postSolution
		{0E1F2E0A-75ED-4B63-91EA-A87B27C68E68}.Debug|Any CPU.ActiveCfg = Debug|Any CPU
		{0E1F2E0A-75ED-4B63-91EA-A87B27C68E68}.Debug|Any CPU.Build.0 = Debug|Any CPU
		{0E1F2E0A-75ED-4B63-91EA-A87B27C68E68}.Release|Any CPU.ActiveCfg = Release|Any CPU
		{0E1F2E0A-75ED-4B63-91EA-A87B27C68E68}.Release|Any CPU.Build.0 = Release|Any CPU
		{C35B10D5-3A92-41C1-9058-BBBF2EF3EC11}.Debug|Any CPU.ActiveCfg = Debug|Any CPU
		{C35B10D5-3A92-41C1-9058-BBBF2EF3EC11}.Debug|Any CPU.Build.0 = Debug|Any CPU
		{C35B10D5-3A92-41C1-9058-BBBF2EF3EC11}.Release|Any CPU.ActiveCfg = Release|Any CPU
		{C35B10D5-3A92-41C1-9058-BBBF2EF3EC11}.Release|Any CPU.Build.0 = Release|Any CPU
	EndGlobalSection
	GlobalSection(SolutionProperties) = preSolution
		HideSolutionNode = FALSE
	EndGlobalSection
	GlobalSection(ExtensibilityGlobals) = postSolution
		SolutionGuid = {831F6EC3-8A24-42C2-8963-FD99F1BC3634}
	EndGlobalSection
EndGlobal
